
Microsoft Visual Studio Solution File, Format Version 12.00
# Visual Studio Version 17
VisualStudioVersion = 17.10.35013.160
MinimumVisualStudioVersion = 10.0.40219.1
Project("{FAE04EC0-301F-11D3-BF4B-00C04F79EFBC}") = "WebAsp1", "WebAsp1.csproj", "{67C12826-4961-46BC-BBE4-244CD6090E7D}"
EndProject
Global
	GlobalSection(SolutionConfigurationPlatforms) = preSolution
		Debug|Any CPU = Debug|Any CPU
		Release|Any CPU = Release|Any CPU
	EndGlobalSection
	GlobalSection(ProjectConfigurationPlatforms) = postSolution
		{67C12826-4961-46BC-BBE4-244CD6090E7D}.Debug|Any CPU.ActiveCfg = Debug|Any CPU
		{67C12826-4961-46BC-BBE4-244CD6090E7D}.Debug|Any CPU.Build.0 = Debug|Any CPU
		{67C12826-4961-46BC-BBE4-244CD6090E7D}.Release|Any CPU.ActiveCfg = Release|Any CPU
		{67C12826-4961-46BC-BBE4-244CD6090E7D}.Release|Any CPU.Build.0 = Release|Any CPU
	EndGlobalSection
	GlobalSection(SolutionProperties) = preSolution
		HideSolutionNode = FALSE
	EndGlobalSection
	GlobalSection(ExtensibilityGlobals) = postSolution
		SolutionGuid = {ED88F8BC-F04C-43D1-AF2E-A1B03DA7DF77}
	EndGlobalSection
EndGlobal
